
Microsoft Visual Studio Solution File, Format Version 12.00
# Visual Studio 15
VisualStudioVersion = 15.0.27703.2026
MinimumVisualStudioVersion = 10.0.40219.1
Project("{9A19103F-16F7-4668-BE54-9A1E7A4F7556}") = "MovieSalesAPI", "MovieSalesAPI\MovieSalesAPI.csproj", "{DECFE450-9DBE-4A77-8EAE-AACA66B7D054}"
EndProject
Project("{FAE04EC0-301F-11D3-BF4B-00C04F79EFBC}") = "MovieSalesAPILogic", "MovieSalesAPILogic\MovieSalesAPILogic.csproj", "{8FBE0419-1A0D-40E2-9737-2F6440AE10BC}"
EndProject
Global
	GlobalSection(SolutionConfigurationPlatforms) = preSolution
		Debug|Any CPU = Debug|Any CPU
		Release|Any CPU = Release|Any CPU
	EndGlobalSection
	GlobalSection(ProjectConfigurationPlatforms) = postSolution
		{DECFE450-9DBE-4A77-8EAE-AACA66B7D054}.Debug|Any CPU.ActiveCfg = Debug|Any CPU
		{DECFE450-9DBE-4A77-8EAE-AACA66B7D054}.Debug|Any CPU.Build.0 = Debug|Any CPU
		{DECFE450-9DBE-4A77-8EAE-AACA66B7D054}.Release|Any CPU.ActiveCfg = Release|Any CPU
		{DECFE450-9DBE-4A77-8EAE-AACA66B7D054}.Release|Any CPU.Build.0 = Release|Any CPU
		{8FBE0419-1A0D-40E2-9737-2F6440AE10BC}.Debug|Any CPU.ActiveCfg = Debug|Any CPU
		{8FBE0419-1A0D-40E2-9737-2F6440AE10BC}.Debug|Any CPU.Build.0 = Debug|Any CPU
		{8FBE0419-1A0D-40E2-9737-2F6440AE10BC}.Release|Any CPU.ActiveCfg = Release|Any CPU
		{8FBE0419-1A0D-40E2-9737-2F6440AE10BC}.Release|Any CPU.Build.0 = Release|Any CPU
	EndGlobalSection
	GlobalSection(SolutionProperties) = preSolution
		HideSolutionNode = FALSE
	EndGlobalSection
	GlobalSection(ExtensibilityGlobals) = postSolution
		SolutionGuid = {5343E7D8-5E06-4939-846F-5C9FB84BF16B}
	EndGlobalSection
EndGlobal
